
Microsoft Visual Studio Solution File, Format Version 12.00
# Visual Studio Version 16
VisualStudioVersion = 16.0.30907.101
MinimumVisualStudioVersion = 10.0.40219.1
Project("{FAE04EC0-301F-11D3-BF4B-00C04F79EFBC}") = "Сортировка", "Сортировка.csproj", "{2621DF8C-0BAB-4885-89E9-9964E2792CFC}"
EndProject
Global
	GlobalSection(SolutionConfigurationPlatforms) = preSolution
		Debug|Any CPU = Debug|Any CPU
		Release|Any CPU = Release|Any CPU
	EndGlobalSection
	GlobalSection(ProjectConfigurationPlatforms) = postSolution
		{2621DF8C-0BAB-4885-89E9-9964E2792CFC}.Debug|Any CPU.ActiveCfg = Debug|Any CPU
		{2621DF8C-0BAB-4885-89E9-9964E2792CFC}.Debug|Any CPU.Build.0 = Debug|Any CPU
		{2621DF8C-0BAB-4885-89E9-9964E2792CFC}.Release|Any CPU.ActiveCfg = Release|Any CPU
		{2621DF8C-0BAB-4885-89E9-9964E2792CFC}.Release|Any CPU.Build.0 = Release|Any CPU
	EndGlobalSection
	GlobalSection(SolutionProperties) = preSolution
		HideSolutionNode = FALSE
	EndGlobalSection
	GlobalSection(ExtensibilityGlobals) = postSolution
		SolutionGuid = {B251494E-07FA-4FAC-883D-46DB413A9FB8}
	EndGlobalSection
EndGlobal
